
Microsoft Visual Studio Solution File, Format Version 12.00
# Visual Studio Version 16
VisualStudioVersion = 16.0.29613.14
MinimumVisualStudioVersion = 10.0.40219.1
Project("{888888A0-9F3D-457C-B088-3A5042F75D52}") = "Loop Structure", "Loop Structure\Loop Structure.pyproj", "{F5883364-D648-4CB9-86EF-C1DE1F121FBC}"
EndProject
Project("{888888A0-9F3D-457C-B088-3A5042F75D52}") = "Array and storage of information", "Array and storage of information\Array and storage of information.pyproj", "{C6BE35AA-4FB4-4B6F-BE7B-3B8124F2E600}"
EndProject
Project("{888888A0-9F3D-457C-B088-3A5042F75D52}") = "Full search", "Full search\Full search.pyproj", "{ACBDFFF5-F0DC-4C22-815A-C0A082B43A98}"
EndProject
Project("{888888A0-9F3D-457C-B088-3A5042F75D52}") = "sort", "sort\sort.pyproj", "{E5D8818E-56D8-45EE-9618-5D59642CC4A8}"
EndProject
Project("{888888A0-9F3D-457C-B088-3A5042F75D52}") = "recursive functions", "recursive functions\recursive functions.pyproj", "{DC1A29E5-EDC1-431A-BE1D-6B5D196466AE}"
EndProject
Project("{888888A0-9F3D-457C-B088-3A5042F75D52}") = "Optional_exercises", "Optional_exercises\Optional_exercises.pyproj", "{3871FEC6-8100-47C1-A05B-A04EF33EE71C}"
EndProject
Global
	GlobalSection(SolutionConfigurationPlatforms) = preSolution
		Debug|Any CPU = Debug|Any CPU
		dx|Any CPU = dx|Any CPU
		Release|Any CPU = Release|Any CPU
	EndGlobalSection
	GlobalSection(ProjectConfigurationPlatforms) = postSolution
		{F5883364-D648-4CB9-86EF-C1DE1F121FBC}.Debug|Any CPU.ActiveCfg = Debug|Any CPU
		{F5883364-D648-4CB9-86EF-C1DE1F121FBC}.dx|Any CPU.ActiveCfg = dx|Any CPU
		{F5883364-D648-4CB9-86EF-C1DE1F121FBC}.Release|Any CPU.ActiveCfg = Release|Any CPU
		{C6BE35AA-4FB4-4B6F-BE7B-3B8124F2E600}.Debug|Any CPU.ActiveCfg = Debug|Any CPU
		{C6BE35AA-4FB4-4B6F-BE7B-3B8124F2E600}.dx|Any CPU.ActiveCfg = Debug|Any CPU
		{C6BE35AA-4FB4-4B6F-BE7B-3B8124F2E600}.Release|Any CPU.ActiveCfg = Release|Any CPU
		{ACBDFFF5-F0DC-4C22-815A-C0A082B43A98}.Debug|Any CPU.ActiveCfg = Debug|Any CPU
		{ACBDFFF5-F0DC-4C22-815A-C0A082B43A98}.dx|Any CPU.ActiveCfg = Debug|Any CPU
		{ACBDFFF5-F0DC-4C22-815A-C0A082B43A98}.Release|Any CPU.ActiveCfg = Release|Any CPU
		{E5D8818E-56D8-45EE-9618-5D59642CC4A8}.Debug|Any CPU.ActiveCfg = Debug|Any CPU
		{E5D8818E-56D8-45EE-9618-5D59642CC4A8}.dx|Any CPU.ActiveCfg = Debug|Any CPU
		{E5D8818E-56D8-45EE-9618-5D59642CC4A8}.Release|Any CPU.ActiveCfg = Release|Any CPU
		{DC1A29E5-EDC1-431A-BE1D-6B5D196466AE}.Debug|Any CPU.ActiveCfg = Debug|Any CPU
		{DC1A29E5-EDC1-431A-BE1D-6B5D196466AE}.dx|Any CPU.ActiveCfg = Debug|Any CPU
		{DC1A29E5-EDC1-431A-BE1D-6B5D196466AE}.Release|Any CPU.ActiveCfg = Release|Any CPU
		{3871FEC6-8100-47C1-A05B-A04EF33EE71C}.Debug|Any CPU.ActiveCfg = Debug|Any CPU
		{3871FEC6-8100-47C1-A05B-A04EF33EE71C}.dx|Any CPU.ActiveCfg = Debug|Any CPU
		{3871FEC6-8100-47C1-A05B-A04EF33EE71C}.Release|Any CPU.ActiveCfg = Release|Any CPU
	EndGlobalSection
	GlobalSection(SolutionProperties) = preSolution
		HideSolutionNode = FALSE
	EndGlobalSection
	GlobalSection(ExtensibilityGlobals) = postSolution
		SolutionGuid = {6CCC674C-BB56-4F56-B0A6-254C88BBB927}
	EndGlobalSection
EndGlobal
